// !$*UTF8*$!
{
	archiveVersion = 1;
	classes = {
	};
	objectVersion = 50;
	objects = {

/* Begin PBXBuildFile section */
		FCE73347232834BB000E6100 /* AppDelegate.swift in Sources */ = {isa = PBXBuildFile; fileRef = FCE73346232834BB000E6100 /* AppDelegate.swift */; };
		FCE73349232834BB000E6100 /* ViewController.swift in Sources */ = {isa = PBXBuildFile; fileRef = FCE73348232834BB000E6100 /* ViewController.swift */; };
		FCE7334C232834BB000E6100 /* Main.storyboard in Resources */ = {isa = PBXBuildFile; fileRef = FCE7334A232834BB000E6100 /* Main.storyboard */; };
		FCE7334F232834BB000E6100 /* DataSetsTests.xcdatamodeld in Sources */ = {isa = PBXBuildFile; fileRef = FCE7334D232834BB000E6100 /* DataSetsTests.xcdatamodeld */; };
		FCE73351232834BF000E6100 /* Assets.xcassets in Resources */ = {isa = PBXBuildFile; fileRef = FCE73350232834BF000E6100 /* Assets.xcassets */; };
		FCE73354232834BF000E6100 /* LaunchScreen.storyboard in Resources */ = {isa = PBXBuildFile; fileRef = FCE73352232834BF000E6100 /* LaunchScreen.storyboard */; };
		FCE7335F232834BF000E6100 /* DataSetsTestsUITests.swift in Sources */ = {isa = PBXBuildFile; fileRef = FCE7335E232834BF000E6100 /* DataSetsTestsUITests.swift */; };
/* End PBXBuildFile section */

/* Begin PBXContainerItemProxy section */
		FCE7335B232834BF000E6100 /* PBXContainerItemProxy */ = {
			isa = PBXContainerItemProxy;
			containerPortal = FCE7333B232834BB000E6100 /* Project object */;
			proxyType = 1;
			remoteGlobalIDString = FCE73342232834BB000E6100;
			remoteInfo = DataSetsTests;
		};
/* End PBXContainerItemProxy section */

/* Begin PBXFileReference section */
		FCE73343232834BB000E6100 /* DataSetsTests.app */ = {isa = PBXFileReference; explicitFileType = wrapper.application; includeInIndex = 0; path = DataSetsTests.app; sourceTree = BUILT_PRODUCTS_DIR; };
		FCE73346232834BB000E6100 /* AppDelegate.swift */ = {isa = PBXFileReference; lastKnownFileType = sourcecode.swift; path = AppDelegate.swift; sourceTree = "<group>"; };
		FCE73348232834BB000E6100 /* ViewController.swift */ = {isa = PBXFileReference; lastKnownFileType = sourcecode.swift; path = ViewController.swift; sourceTree = "<group>"; };
		FCE7334B232834BB000E6100 /* Base */ = {isa = PBXFileReference; lastKnownFileType = file.storyboard; name = Base; path = Base.lproj/Main.storyboard; sourceTree = "<group>"; };
		FCE7334E232834BB000E6100 /* DataSetsTests.xcdatamodel */ = {isa = PBXFileReference; lastKnownFileType = wrapper.xcdatamodel; path = DataSetsTests.xcdatamodel; sourceTree = "<group>"; };
		FCE73350232834BF000E6100 /* Assets.xcassets */ = {isa = PBXFileReference; lastKnownFileType = folder.assetcatalog; path = Assets.xcassets; sourceTree = "<group>"; };
		FCE73353232834BF000E6100 /* Base */ = {isa = PBXFileReference; lastKnownFileType = file.storyboard; name = Base; path = Base.lproj/LaunchScreen.storyboard; sourceTree = "<group>"; };
		FCE73355232834BF000E6100 /* Info.plist */ = {isa = PBXFileReference; lastKnownFileType = text.plist.xml; path = Info.plist; sourceTree = "<group>"; };
		FCE7335A232834BF000E6100 /* DataSetsTestsUITests.xctest */ = {isa = PBXFileReference; explicitFileType = wrapper.cfbundle; includeInIndex = 0; path = DataSetsTestsUITests.xctest; sourceTree = BUILT_PRODUCTS_DIR; };
		FCE7335E232834BF000E6100 /* DataSetsTestsUITests.swift */ = {isa = PBXFileReference; lastKnownFileType = sourcecode.swift; path = DataSetsTestsUITests.swift; sourceTree = "<group>"; };
		FCE73360232834BF000E6100 /* Info.plist */ = {isa = PBXFileReference; lastKnownFileType = text.plist.xml; path = Info.plist; sourceTree = "<group>"; };
/* End PBXFileReference section */

/* Begin PBXFrameworksBuildPhase section */
		FCE73340232834BB000E6100 /* Frameworks */ = {
			isa = PBXFrameworksBuildPhase;
			buildActionMask = 2147483647;
			files = (
			);
			runOnlyForDeploymentPostprocessing = 0;
		};
		FCE73357232834BF000E6100 /* Frameworks */ = {
			isa = PBXFrameworksBuildPhase;
			buildActionMask = 2147483647;
			files = (
			);
			runOnlyForDeploymentPostprocessing = 0;
		};
/* End PBXFrameworksBuildPhase section */

/* Begin PBXGroup section */
		FCE7333A232834BB000E6100 = {
			isa = PBXGroup;
			children = (
				FCE73345232834BB000E6100 /* DataSetsTests */,
				FCE7335D232834BF000E6100 /* DataSetsTestsUITests */,
				FCE73344232834BB000E6100 /* Products */,
			);
			sourceTree = "<group>";
		};
		FCE73344232834BB000E6100 /* Products */ = {
			isa = PBXGroup;
			children = (
				FCE73343232834BB000E6100 /* DataSetsTests.app */,
				FCE7335A232834BF000E6100 /* DataSetsTestsUITests.xctest */,
			);
			name = Products;
			sourceTree = "<group>";
		};
		FCE73345232834BB000E6100 /* DataSetsTests */ = {
			isa = PBXGroup;
			children = (
				FCE73346232834BB000E6100 /* AppDelegate.swift */,
				FCE73348232834BB000E6100 /* ViewController.swift */,
				FCE7334A232834BB000E6100 /* Main.storyboard */,
				FCE73350232834BF000E6100 /* Assets.xcassets */,
				FCE73352232834BF000E6100 /* LaunchScreen.storyboard */,
				FCE73355232834BF000E6100 /* Info.plist */,
				FCE7334D232834BB000E6100 /* DataSetsTests.xcdatamodeld */,
			);
			path = DataSetsTests;
			sourceTree = "<group>";
		};
		FCE7335D232834BF000E6100 /* DataSetsTestsUITests */ = {
			isa = PBXGroup;
			children = (
				FCE7335E232834BF000E6100 /* DataSetsTestsUITests.swift */,
				FCE73360232834BF000E6100 /* Info.plist */,
			);
			path = DataSetsTestsUITests;
			sourceTree = "<group>";
		};
/* End PBXGroup section */

/* Begin PBXNativeTarget section */
		FCE73342232834BB000E6100 /* DataSetsTests */ = {
			isa = PBXNativeTarget;
			buildConfigurationList = FCE73363232834BF000E6100 /* Build configuration list for PBXNativeTarget "DataSetsTests" */;
			buildPhases = (
				FCE7333F232834BB000E6100 /* Sources */,
				FCE73340232834BB000E6100 /* Frameworks */,
				FCE73341232834BB000E6100 /* Resources */,
			);
			buildRules = (
			);
			dependencies = (
			);
			name = DataSetsTests;
			productName = DataSetsTests;
			productReference = FCE73343232834BB000E6100 /* DataSetsTests.app */;
			productType = "com.apple.product-type.application";
		};
		FCE73359232834BF000E6100 /* DataSetsTestsUITests */ = {
			isa = PBXNativeTarget;
			buildConfigurationList = FCE73366232834BF000E6100 /* Build configuration list for PBXNativeTarget "DataSetsTestsUITests" */;
			buildPhases = (
				FCE73356232834BF000E6100 /* Sources */,
				FCE73357232834BF000E6100 /* Frameworks */,
				FCE73358232834BF000E6100 /* Resources */,
			);
			buildRules = (
			);
			dependencies = (
				FCE7335C232834BF000E6100 /* PBXTargetDependency */,
			);
			name = DataSetsTestsUITests;
			productName = DataSetsTestsUITests;
			productReference = FCE7335A232834BF000E6100 /* DataSetsTestsUITests.xctest */;
			productType = "com.apple.product-type.bundle.ui-testing";
		};
/* End PBXNativeTarget section */

/* Begin PBXProject section */
		FCE7333B232834BB000E6100 /* Project object */ = {
			isa = PBXProject;
			attributes = {
				LastSwiftUpdateCheck = 1030;
				LastUpgradeCheck = 1030;
				ORGANIZATIONNAME = "Adriel Freire";
				TargetAttributes = {
					FCE73342232834BB000E6100 = {
						CreatedOnToolsVersion = 10.3;
					};
					FCE73359232834BF000E6100 = {
						CreatedOnToolsVersion = 10.3;
						TestTargetID = FCE73342232834BB000E6100;
					};
				};
			};
			buildConfigurationList = FCE7333E232834BB000E6100 /* Build configuration list for PBXProject "DataSetsTests" */;
			compatibilityVersion = "Xcode 9.3";
			developmentRegion = en;
			hasScannedForEncodings = 0;
			knownRegions = (
				en,
				Base,
			);
			mainGroup = FCE7333A232834BB000E6100;
			productRefGroup = FCE73344232834BB000E6100 /* Products */;
			projectDirPath = "";
			projectRoot = "";
			targets = (
				FCE73342232834BB000E6100 /* DataSetsTests */,
				FCE73359232834BF000E6100 /* DataSetsTestsUITests */,
			);
		};
/* End PBXProject section */

/* Begin PBXResourcesBuildPhase section */
		FCE73341232834BB000E6100 /* Resources */ = {
			isa = PBXResourcesBuildPhase;
			buildActionMask = 2147483647;
			files = (
				FCE73354232834BF000E6100 /* LaunchScreen.storyboard in Resources */,
				FCE73351232834BF000E6100 /* Assets.xcassets in Resources */,
				FCE7334C232834BB000E6100 /* Main.storyboard in Resources */,
			);
			runOnlyForDeploymentPostprocessing = 0;
		};
		FCE73358232834BF000E6100 /* Resources */ = {
			isa = PBXResourcesBuildPhase;
			buildActionMask = 2147483647;
			files = (
			);
			runOnlyForDeploymentPostprocessing = 0;
		};
/* End PBXResourcesBuildPhase section */

/* Begin PBXSourcesBuildPhase section */
		FCE7333F232834BB000E6100 /* Sources */ = {
			isa = PBXSourcesBuildPhase;
			buildActionMask = 2147483647;
			files = (
				FCE73349232834BB000E6100 /* ViewController.swift in Sources */,
				FCE7334F232834BB000E6100 /* DataSetsTests.xcdatamodeld in Sources */,
				FCE73347232834BB000E6100 /* AppDelegate.swift in Sources */,
			);
			runOnlyForDeploymentPostprocessing = 0;
		};
		FCE73356232834BF000E6100 /* Sources */ = {
			isa = PBXSourcesBuildPhase;
			buildActionMask = 2147483647;
			files = (
				FCE7335F232834BF000E6100 /* DataSetsTestsUITests.swift in Sources */,
			);
			runOnlyForDeploymentPostprocessing = 0;
		};
/* End PBXSourcesBuildPhase section */

/* Begin PBXTargetDependency section */
		FCE7335C232834BF000E6100 /* PBXTargetDependency */ = {
			isa = PBXTargetDependency;
			target = FCE73342232834BB000E6100 /* DataSetsTests */;
			targetProxy = FCE7335B232834BF000E6100 /* PBXContainerItemProxy */;
		};
/* End PBXTargetDependency section */

/* Begin PBXVariantGroup section */
		FCE7334A232834BB000E6100 /* Main.storyboard */ = {
			isa = PBXVariantGroup;
			children = (
				FCE7334B232834BB000E6100 /* Base */,
			);
			name = Main.storyboard;
			sourceTree = "<group>";
		};
		FCE73352232834BF000E6100 /* LaunchScreen.storyboard */ = {
			isa = PBXVariantGroup;
			children = (
				FCE73353232834BF000E6100 /* Base */,
			);
			name = LaunchScreen.storyboard;
			sourceTree = "<group>";
		};
/* End PBXVariantGroup section */

/* Begin XCBuildConfiguration section */
		FCE73361232834BF000E6100 /* Debug */ = {
			isa = XCBuildConfiguration;
			buildSettings = {
				ALWAYS_SEARCH_USER_PATHS = NO;
				CLANG_ANALYZER_NONNULL = YES;
				CLANG_ANALYZER_NUMBER_OBJECT_CONVERSION = YES_AGGRESSIVE;
				CLANG_CXX_LANGUAGE_STANDARD = "gnu++14";
				CLANG_CXX_LIBRARY = "libc++";
				CLANG_ENABLE_MODULES = YES;
				CLANG_ENABLE_OBJC_ARC = YES;
				CLANG_ENABLE_OBJC_WEAK = YES;
				CLANG_WARN_BLOCK_CAPTURE_AUTORELEASING = YES;
				CLANG_WARN_BOOL_CONVERSION = YES;
				CLANG_WARN_COMMA = YES;
				CLANG_WARN_CONSTANT_CONVERSION = YES;
				CLANG_WARN_DEPRECATED_OBJC_IMPLEMENTATIONS = YES;
				CLANG_WARN_DIRECT_OBJC_ISA_USAGE = YES_ERROR;
				CLANG_WARN_DOCUMENTATION_COMMENTS = YES;
				CLANG_WARN_EMPTY_BODY = YES;
				CLANG_WARN_ENUM_CONVERSION = YES;
				CLANG_WARN_INFINITE_RECURSION = YES;
				CLANG_WARN_INT_CONVERSION = YES;
				CLANG_WARN_NON_LITERAL_NULL_CONVERSION = YES;
				CLANG_WARN_OBJC_IMPLICIT_RETAIN_SELF = YES;
				CLANG_WARN_OBJC_LITERAL_CONVERSION = YES;
				CLANG_WARN_OBJC_ROOT_CLASS = YES_ERROR;
				CLANG_WARN_RANGE_LOOP_ANALYSIS = YES;
				CLANG_WARN_STRICT_PROTOTYPES = YES;
				CLANG_WARN_SUSPICIOUS_MOVE = YES;
				CLANG_WARN_UNGUARDED_AVAILABILITY = YES_AGGRESSIVE;
				CLANG_WARN_UNREACHABLE_CODE = YES;
				CLANG_WARN__DUPLICATE_METHOD_MATCH = YES;
				CODE_SIGN_IDENTITY = "iPhone Developer";
				COPY_PHASE_STRIP = NO;
				DEBUG_INFORMATION_FORMAT = dwarf;
				ENABLE_STRICT_OBJC_MSGSEND = YES;
				ENABLE_TESTABILITY = YES;
				GCC_C_LANGUAGE_STANDARD = gnu11;
				GCC_DYNAMIC_NO_PIC = NO;
				GCC_NO_COMMON_BLOCKS = YES;
				GCC_OPTIMIZATION_LEVEL = 0;
				GCC_PREPROCESSOR_DEFINITIONS = (
					"DEBUG=1",
					"$(inherited)",
				);
				GCC_WARN_64_TO_32_BIT_CONVERSION = YES;
				GCC_WARN_ABOUT_RETURN_TYPE = YES_ERROR;
				GCC_WARN_UNDECLARED_SELECTOR = YES;
				GCC_WARN_UNINITIALIZED_AUTOS = YES_AGGRESSIVE;
				GCC_WARN_UNUSED_FUNCTION = YES;
				GCC_WARN_UNUSED_VARIABLE = YES;
				IPHONEOS_DEPLOYMENT_TARGET = 12.4;
				MTL_ENABLE_DEBUG_INFO = INCLUDE_SOURCE;
				MTL_FAST_MATH = YES;
				ONLY_ACTIVE_ARCH = YES;
				SDKROOT = iphoneos;
				SWIFT_ACTIVE_COMPILATION_CONDITIONS = DEBUG;
				SWIFT_OPTIMIZATION_LEVEL = "-Onone";
			};
			name = Debug;
		};
		FCE73362232834BF000E6100 /* Release */ = {
			isa = XCBuildConfiguration;
			buildSettings = {
				ALWAYS_SEARCH_USER_PATHS = NO;
				CLANG_ANALYZER_NONNULL = YES;
				CLANG_ANALYZER_NUMBER_OBJECT_CONVERSION = YES_AGGRESSIVE;
				CLANG_CXX_LANGUAGE_STANDARD = "gnu++14";
				CLANG_CXX_LIBRARY = "libc++";
				CLANG_ENABLE_MODULES = YES;
				CLANG_ENABLE_OBJC_ARC = YES;
				CLANG_ENABLE_OBJC_WEAK = YES;
				CLANG_WARN_BLOCK_CAPTURE_AUTORELEASING = YES;
				CLANG_WARN_BOOL_CONVERSION = YES;
				CLANG_WARN_COMMA = YES;
				CLANG_WARN_CONSTANT_CONVERSION = YES;
				CLANG_WARN_DEPRECATED_OBJC_IMPLEMENTATIONS = YES;
				CLANG_WARN_DIRECT_OBJC_ISA_USAGE = YES_ERROR;
				CLANG_WARN_DOCUMENTATION_COMMENTS = YES;
				CLANG_WARN_EMPTY_BODY = YES;
				CLANG_WARN_ENUM_CONVERSION = YES;
				CLANG_WARN_INFINITE_RECURSION = YES;
				CLANG_WARN_INT_CONVERSION = YES;
				CLANG_WARN_NON_LITERAL_NULL_CONVERSION = YES;
				CLANG_WARN_OBJC_IMPLICIT_RETAIN_SELF = YES;
				CLANG_WARN_OBJC_LITERAL_CONVERSION = YES;
				CLANG_WARN_OBJC_ROOT_CLASS = YES_ERROR;
				CLANG_WARN_RANGE_LOOP_ANALYSIS = YES;
				CLANG_WARN_STRICT_PROTOTYPES = YES;
				CLANG_WARN_SUSPICIOUS_MOVE = YES;
				CLANG_WARN_UNGUARDED_AVAILABILITY = YES_AGGRESSIVE;
				CLANG_WARN_UNREACHABLE_CODE = YES;
				CLANG_WARN__DUPLICATE_METHOD_MATCH = YES;
				CODE_SIGN_IDENTITY = "iPhone Developer";
				COPY_PHASE_STRIP = NO;
				DEBUG_INFORMATION_FORMAT = "dwarf-with-dsym";
				ENABLE_NS_ASSERTIONS = NO;
				ENABLE_STRICT_OBJC_MSGSEND = YES;
				GCC_C_LANGUAGE_STANDARD = gnu11;
				GCC_NO_COMMON_BLOCKS = YES;
				GCC_WARN_64_TO_32_BIT_CONVERSION = YES;
				GCC_WARN_ABOUT_RETURN_TYPE = YES_ERROR;
				GCC_WARN_UNDECLARED_SELECTOR = YES;
				GCC_WARN_UNINITIALIZED_AUTOS = YES_AGGRESSIVE;
				GCC_WARN_UNUSED_FUNCTION = YES;
				GCC_WARN_UNUSED_VARIABLE = YES;
				IPHONEOS_DEPLOYMENT_TARGET = 12.4;
				MTL_ENABLE_DEBUG_INFO = NO;
				MTL_FAST_MATH = YES;
				SDKROOT = iphoneos;
				SWIFT_COMPILATION_MODE = wholemodule;
				SWIFT_OPTIMIZATION_LEVEL = "-O";
				VALIDATE_PRODUCT = YES;
			};
			name = Release;
		};
		FCE73364232834BF000E6100 /* Debug */ = {
			isa = XCBuildConfiguration;
			buildSettings = {
				ASSETCATALOG_COMPILER_APPICON_NAME = AppIcon;
				CODE_SIGN_STYLE = Automatic;
				DEVELOPMENT_TEAM = JGG8YW8SJU;
				INFOPLIST_FILE = DataSetsTests/Info.plist;
				LD_RUNPATH_SEARCH_PATHS = (
					"$(inherited)",
					"@executable_path/Frameworks",
				);
				PRODUCT_BUNDLE_IDENTIFIER = Adriel.DataSetsTests;
				PRODUCT_NAME = "$(TARGET_NAME)";
				SWIFT_VERSION = 5.0;
				TARGETED_DEVICE_FAMILY = "1,2";
			};
			name = Debug;
		};
		FCE73365232834BF000E6100 /* Release */ = {
			isa = XCBuildConfiguration;
			buildSettings = {
				ASSETCATALOG_COMPILER_APPICON_NAME = AppIcon;
				CODE_SIGN_STYLE = Automatic;
				DEVELOPMENT_TEAM = JGG8YW8SJU;
				INFOPLIST_FILE = DataSetsTests/Info.plist;
				LD_RUNPATH_SEARCH_PATHS = (
					"$(inherited)",
					"@executable_path/Frameworks",
				);
				PRODUCT_BUNDLE_IDENTIFIER = Adriel.DataSetsTests;
				PRODUCT_NAME = "$(TARGET_NAME)";
				SWIFT_VERSION = 5.0;
				TARGETED_DEVICE_FAMILY = "1,2";
			};
			name = Release;
		};
		FCE73367232834BF000E6100 /* Debug */ = {
			isa = XCBuildConfiguration;
			buildSettings = {
				ALWAYS_EMBED_SWIFT_STANDARD_LIBRARIES = YES;
				CODE_SIGN_STYLE = Automatic;
				DEVELOPMENT_TEAM = JGG8YW8SJU;
				INFOPLIST_FILE = DataSetsTestsUITests/Info.plist;
				LD_RUNPATH_SEARCH_PATHS = (
					"$(inherited)",
					"@executable_path/Frameworks",
					"@loader_path/Frameworks",
				);
				PRODUCT_BUNDLE_IDENTIFIER = Adriel.DataSetsTestsUITests;
				PRODUCT_NAME = "$(TARGET_NAME)";
				SWIFT_VERSION = 5.0;
				TARGETED_DEVICE_FAMILY = "1,2";
				TEST_TARGET_NAME = DataSetsTests;
			};
			name = Debug;
		};
		FCE73368232834BF000E6100 /* Release */ = {
			isa = XCBuildConfiguration;
			buildSettings = {
				ALWAYS_EMBED_SWIFT_STANDARD_LIBRARIES = YES;
				CODE_SIGN_STYLE = Automatic;
				DEVELOPMENT_TEAM = JGG8YW8SJU;
				INFOPLIST_FILE = DataSetsTestsUITests/Info.plist;
				LD_RUNPATH_SEARCH_PATHS = (
					"$(inherited)",
					"@executable_path/Frameworks",
					"@loader_path/Frameworks",
				);
				PRODUCT_BUNDLE_IDENTIFIER = Adriel.DataSetsTestsUITests;
				PRODUCT_NAME = "$(TARGET_NAME)";
				SWIFT_VERSION = 5.0;
				TARGETED_DEVICE_FAMILY = "1,2";
				TEST_TARGET_NAME = DataSetsTests;
			};
			name = Release;
		};
/* End XCBuildConfiguration section */

/* Begin XCConfigurationList section */
		FCE7333E232834BB000E6100 /* Build configuration list for PBXProject "DataSetsTests" */ = {
			isa = XCConfigurationList;
			buildConfigurations = (
				FCE73361232834BF000E6100 /* Debug */,
				FCE73362232834BF000E6100 /* Release */,
			);
			defaultConfigurationIsVisible = 0;
			defaultConfigurationName = Release;
		};
		FCE73363232834BF000E6100 /* Build configuration list for PBXNativeTarget "DataSetsTests" */ = {
			isa = XCConfigurationList;
			buildConfigurations = (
				FCE73364232834BF000E6100 /* Debug */,
				FCE73365232834BF000E6100 /* Release */,
			);
			defaultConfigurationIsVisible = 0;
			defaultConfigurationName = Release;
		};
		FCE73366232834BF000E6100 /* Build configuration list for PBXNativeTarget "DataSetsTestsUITests" */ = {
			isa = XCConfigurationList;
			buildConfigurations = (
				FCE73367232834BF000E6100 /* Debug */,
				FCE73368232834BF000E6100 /* Release */,
			);
			defaultConfigurationIsVisible = 0;
			defaultConfigurationName = Release;
		};
/* End XCConfigurationList section */

/* Begin XCVersionGroup section */
		FCE7334D232834BB000E6100 /* DataSetsTests.xcdatamodeld */ = {
			isa = XCVersionGroup;
			children = (
				FCE7334E232834BB000E6100 /* DataSetsTests.xcdatamodel */,
			);
			currentVersion = FCE7334E232834BB000E6100 /* DataSetsTests.xcdatamodel */;
			path = DataSetsTests.xcdatamodeld;
			sourceTree = "<group>";
			versionGroupType = wrapper.xcdatamodel;
		};
/* End XCVersionGroup section */
	};
	rootObject = FCE7333B232834BB000E6100 /* Project object */;
}
